
Microsoft Visual Studio Solution File, Format Version 12.00
# Visual Studio Version 16
VisualStudioVersion = 16.0.31410.357
MinimumVisualStudioVersion = 10.0.40219.1
Project("{2150E333-8FDC-42A3-9474-1A3956D46DE8}") = "src", "src", "{3C328165-0094-4EFD-BEE5-5BFF8A97A5DD}"
EndProject
Project("{2150E333-8FDC-42A3-9474-1A3956D46DE8}") = "Services", "Services", "{F23A052E-484D-4404-8D37-CE131649430E}"
EndProject
Project("{2150E333-8FDC-42A3-9474-1A3956D46DE8}") = "SMS", "SMS", "{0AAA14C6-AB15-4215-9C86-A25AECD613AD}"
EndProject
Project("{9A19103F-16F7-4668-BE54-9A1E7A4F7556}") = "SMS.API", "SMS.API\SMS.API.csproj", "{D3AB2D20-A56F-4630-8607-4D87C4262846}"
EndProject
Project("{9A19103F-16F7-4668-BE54-9A1E7A4F7556}") = "SMS.Infrastructure", "SMS.Infrastructure\SMS.Infrastructure.csproj", "{4319E434-A0F6-4E72-84A7-83FF523A620F}"
EndProject
Project("{9A19103F-16F7-4668-BE54-9A1E7A4F7556}") = "SMS.Application", "SMS.Application\SMS.Application.csproj", "{D43259C4-0539-44DE-B0AE-8DB2109A32E0}"
EndProject
Project("{2150E333-8FDC-42A3-9474-1A3956D46DE8}") = "tests", "tests", "{96C700EE-B41F-469D-92E7-3A832A560428}"
EndProject
Project("{9A19103F-16F7-4668-BE54-9A1E7A4F7556}") = "SMS.UnitTests", "SMS.UnitTests\SMS.UnitTests.csproj", "{40E1C2CF-4172-4080-BA12-CBE61E416837}"
EndProject
Project("{2150E333-8FDC-42A3-9474-1A3956D46DE8}") = "EventBus", "EventBus", "{D72F5EFD-B5EF-40A3-B29D-AEFA5439012F}"
EndProject
Project("{9A19103F-16F7-4668-BE54-9A1E7A4F7556}") = "EventBus", "EventBus\EventBus.csproj", "{1606550C-772B-4DBC-8E6B-AEA68D4221D8}"
EndProject
Project("{2150E333-8FDC-42A3-9474-1A3956D46DE8}") = "Creator", "Creator", "{E0AB9435-2912-4EE1-B261-009531238885}"
EndProject
Project("{9A19103F-16F7-4668-BE54-9A1E7A4F7556}") = "Creator.API", "Creator.API\Creator.API.csproj", "{5920C94C-8EE7-42AF-BA55-76492B62C17D}"
EndProject
Project("{E53339B2-1760-4266-BCC7-CA923CBCF16C}") = "docker-compose", "docker-compose.dcproj", "{7A1048FC-CC27-416E-BD0D-B4F06F992B59}"
EndProject
Project("{2150E333-8FDC-42A3-9474-1A3956D46DE8}") = "tests", "tests", "{202FC427-46E0-4429-8CD8-8181630FE5B7}"
EndProject
Project("{9A19103F-16F7-4668-BE54-9A1E7A4F7556}") = "Creator.UnitTests", "Creator.UnitTests\Creator.UnitTests.csproj", "{267D6374-694F-4A6C-9169-074D6BEC66AB}"
EndProject
Project("{FAE04EC0-301F-11D3-BF4B-00C04F79EFBC}") = "Creator.FunctionTest", "Creator.FunctionTest\Creator.FunctionTest.csproj", "{3942EB69-60A9-4F79-A273-E198E825F747}"
EndProject
Global
	GlobalSection(SolutionConfigurationPlatforms) = preSolution
		Debug|Any CPU = Debug|Any CPU
		Release|Any CPU = Release|Any CPU
	EndGlobalSection
	GlobalSection(ProjectConfigurationPlatforms) = postSolution
		{D3AB2D20-A56F-4630-8607-4D87C4262846}.Debug|Any CPU.ActiveCfg = Debug|Any CPU
		{D3AB2D20-A56F-4630-8607-4D87C4262846}.Debug|Any CPU.Build.0 = Debug|Any CPU
		{D3AB2D20-A56F-4630-8607-4D87C4262846}.Release|Any CPU.ActiveCfg = Release|Any CPU
		{D3AB2D20-A56F-4630-8607-4D87C4262846}.Release|Any CPU.Build.0 = Release|Any CPU
		{4319E434-A0F6-4E72-84A7-83FF523A620F}.Debug|Any CPU.ActiveCfg = Debug|Any CPU
		{4319E434-A0F6-4E72-84A7-83FF523A620F}.Debug|Any CPU.Build.0 = Debug|Any CPU
		{4319E434-A0F6-4E72-84A7-83FF523A620F}.Release|Any CPU.ActiveCfg = Release|Any CPU
		{4319E434-A0F6-4E72-84A7-83FF523A620F}.Release|Any CPU.Build.0 = Release|Any CPU
		{D43259C4-0539-44DE-B0AE-8DB2109A32E0}.Debug|Any CPU.ActiveCfg = Debug|Any CPU
		{D43259C4-0539-44DE-B0AE-8DB2109A32E0}.Debug|Any CPU.Build.0 = Debug|Any CPU
		{D43259C4-0539-44DE-B0AE-8DB2109A32E0}.Release|Any CPU.ActiveCfg = Release|Any CPU
		{D43259C4-0539-44DE-B0AE-8DB2109A32E0}.Release|Any CPU.Build.0 = Release|Any CPU
		{40E1C2CF-4172-4080-BA12-CBE61E416837}.Debug|Any CPU.ActiveCfg = Debug|Any CPU
		{40E1C2CF-4172-4080-BA12-CBE61E416837}.Debug|Any CPU.Build.0 = Debug|Any CPU
		{40E1C2CF-4172-4080-BA12-CBE61E416837}.Release|Any CPU.ActiveCfg = Release|Any CPU
		{40E1C2CF-4172-4080-BA12-CBE61E416837}.Release|Any CPU.Build.0 = Release|Any CPU
		{1606550C-772B-4DBC-8E6B-AEA68D4221D8}.Debug|Any CPU.ActiveCfg = Debug|Any CPU
		{1606550C-772B-4DBC-8E6B-AEA68D4221D8}.Debug|Any CPU.Build.0 = Debug|Any CPU
		{1606550C-772B-4DBC-8E6B-AEA68D4221D8}.Release|Any CPU.ActiveCfg = Release|Any CPU
		{1606550C-772B-4DBC-8E6B-AEA68D4221D8}.Release|Any CPU.Build.0 = Release|Any CPU
		{5920C94C-8EE7-42AF-BA55-76492B62C17D}.Debug|Any CPU.ActiveCfg = Debug|Any CPU
		{5920C94C-8EE7-42AF-BA55-76492B62C17D}.Debug|Any CPU.Build.0 = Debug|Any CPU
		{5920C94C-8EE7-42AF-BA55-76492B62C17D}.Release|Any CPU.ActiveCfg = Release|Any CPU
		{5920C94C-8EE7-42AF-BA55-76492B62C17D}.Release|Any CPU.Build.0 = Release|Any CPU
		{7A1048FC-CC27-416E-BD0D-B4F06F992B59}.Debug|Any CPU.ActiveCfg = Debug|Any CPU
		{7A1048FC-CC27-416E-BD0D-B4F06F992B59}.Debug|Any CPU.Build.0 = Debug|Any CPU
		{7A1048FC-CC27-416E-BD0D-B4F06F992B59}.Release|Any CPU.ActiveCfg = Release|Any CPU
		{7A1048FC-CC27-416E-BD0D-B4F06F992B59}.Release|Any CPU.Build.0 = Release|Any CPU
		{267D6374-694F-4A6C-9169-074D6BEC66AB}.Debug|Any CPU.ActiveCfg = Debug|Any CPU
		{267D6374-694F-4A6C-9169-074D6BEC66AB}.Debug|Any CPU.Build.0 = Debug|Any CPU
		{267D6374-694F-4A6C-9169-074D6BEC66AB}.Release|Any CPU.ActiveCfg = Release|Any CPU
		{267D6374-694F-4A6C-9169-074D6BEC66AB}.Release|Any CPU.Build.0 = Release|Any CPU
		{3942EB69-60A9-4F79-A273-E198E825F747}.Debug|Any CPU.ActiveCfg = Debug|Any CPU
		{3942EB69-60A9-4F79-A273-E198E825F747}.Debug|Any CPU.Build.0 = Debug|Any CPU
		{3942EB69-60A9-4F79-A273-E198E825F747}.Release|Any CPU.ActiveCfg = Release|Any CPU
		{3942EB69-60A9-4F79-A273-E198E825F747}.Release|Any CPU.Build.0 = Release|Any CPU
	EndGlobalSection
	GlobalSection(SolutionProperties) = preSolution
		HideSolutionNode = FALSE
	EndGlobalSection
	GlobalSection(NestedProjects) = preSolution
		{F23A052E-484D-4404-8D37-CE131649430E} = {3C328165-0094-4EFD-BEE5-5BFF8A97A5DD}
		{0AAA14C6-AB15-4215-9C86-A25AECD613AD} = {F23A052E-484D-4404-8D37-CE131649430E}
		{D3AB2D20-A56F-4630-8607-4D87C4262846} = {0AAA14C6-AB15-4215-9C86-A25AECD613AD}
		{4319E434-A0F6-4E72-84A7-83FF523A620F} = {0AAA14C6-AB15-4215-9C86-A25AECD613AD}
		{D43259C4-0539-44DE-B0AE-8DB2109A32E0} = {0AAA14C6-AB15-4215-9C86-A25AECD613AD}
		{96C700EE-B41F-469D-92E7-3A832A560428} = {0AAA14C6-AB15-4215-9C86-A25AECD613AD}
		{40E1C2CF-4172-4080-BA12-CBE61E416837} = {96C700EE-B41F-469D-92E7-3A832A560428}
		{D72F5EFD-B5EF-40A3-B29D-AEFA5439012F} = {3C328165-0094-4EFD-BEE5-5BFF8A97A5DD}
		{1606550C-772B-4DBC-8E6B-AEA68D4221D8} = {D72F5EFD-B5EF-40A3-B29D-AEFA5439012F}
		{E0AB9435-2912-4EE1-B261-009531238885} = {F23A052E-484D-4404-8D37-CE131649430E}
		{5920C94C-8EE7-42AF-BA55-76492B62C17D} = {E0AB9435-2912-4EE1-B261-009531238885}
		{202FC427-46E0-4429-8CD8-8181630FE5B7} = {E0AB9435-2912-4EE1-B261-009531238885}
		{267D6374-694F-4A6C-9169-074D6BEC66AB} = {202FC427-46E0-4429-8CD8-8181630FE5B7}
		{3942EB69-60A9-4F79-A273-E198E825F747} = {202FC427-46E0-4429-8CD8-8181630FE5B7}
	EndGlobalSection
	GlobalSection(ExtensibilityGlobals) = postSolution
		SolutionGuid = {994AD518-CA92-440C-A2E6-8E93C3D1D4E0}
	EndGlobalSection
EndGlobal
